// !$*UTF8*$!
{
	archiveVersion = 1;
	classes = {
	};
	objectVersion = 50;
	objects = {

/* Begin PBXBuildFile section */
		E1310F16250B3D6F004B403E /* AppDelegate.swift in Sources */ = {isa = PBXBuildFile; fileRef = E1310F15250B3D6F004B403E /* AppDelegate.swift */; };
		E1310F18250B3D6F004B403E /* SceneDelegate.swift in Sources */ = {isa = PBXBuildFile; fileRef = E1310F17250B3D6F004B403E /* SceneDelegate.swift */; };
		E1310F1A250B3D6F004B403E /* ViewController.swift in Sources */ = {isa = PBXBuildFile; fileRef = E1310F19250B3D6F004B403E /* ViewController.swift */; };
		E1310F1D250B3D6F004B403E /* Main.storyboard in Resources */ = {isa = PBXBuildFile; fileRef = E1310F1B250B3D6F004B403E /* Main.storyboard */; };
		E1310F1F250B3D70004B403E /* Assets.xcassets in Resources */ = {isa = PBXBuildFile; fileRef = E1310F1E250B3D70004B403E /* Assets.xcassets */; };
		E1310F22250B3D70004B403E /* LaunchScreen.storyboard in Resources */ = {isa = PBXBuildFile; fileRef = E1310F20250B3D70004B403E /* LaunchScreen.storyboard */; };
		E1310F2D250B3D70004B403E /* TippyTests.swift in Sources */ = {isa = PBXBuildFile; fileRef = E1310F2C250B3D70004B403E /* TippyTests.swift */; };
		E1310F38250B3D70004B403E /* TippyUITests.swift in Sources */ = {isa = PBXBuildFile; fileRef = E1310F37250B3D70004B403E /* TippyUITests.swift */; };
/* End PBXBuildFile section */

/* Begin PBXContainerItemProxy section */
		E1310F29250B3D70004B403E /* PBXContainerItemProxy */ = {
			isa = PBXContainerItemProxy;
			containerPortal = E1310F0A250B3D6F004B403E /* Project object */;
			proxyType = 1;
			remoteGlobalIDString = E1310F11250B3D6F004B403E;
			remoteInfo = Tippy;
		};
		E1310F34250B3D70004B403E /* PBXContainerItemProxy */ = {
			isa = PBXContainerItemProxy;
			containerPortal = E1310F0A250B3D6F004B403E /* Project object */;
			proxyType = 1;
			remoteGlobalIDString = E1310F11250B3D6F004B403E;
			remoteInfo = Tippy;
		};
/* End PBXContainerItemProxy section */

/* Begin PBXFileReference section */
		E1310F12250B3D6F004B403E /* Tippy.app */ = {isa = PBXFileReference; explicitFileType = wrapper.application; includeInIndex = 0; path = Tippy.app; sourceTree = BUILT_PRODUCTS_DIR; };
		E1310F15250B3D6F004B403E /* AppDelegate.swift */ = {isa = PBXFileReference; lastKnownFileType = sourcecode.swift; path = AppDelegate.swift; sourceTree = "<group>"; };
		E1310F17250B3D6F004B403E /* SceneDelegate.swift */ = {isa = PBXFileReference; lastKnownFileType = sourcecode.swift; path = SceneDelegate.swift; sourceTree = "<group>"; };
		E1310F19250B3D6F004B403E /* ViewController.swift */ = {isa = PBXFileReference; lastKnownFileType = sourcecode.swift; path = ViewController.swift; sourceTree = "<group>"; };
		E1310F1C250B3D6F004B403E /* Base */ = {isa = PBXFileReference; lastKnownFileType = file.storyboard; name = Base; path = Base.lproj/Main.storyboard; sourceTree = "<group>"; };
		E1310F1E250B3D70004B403E /* Assets.xcassets */ = {isa = PBXFileReference; lastKnownFileType = folder.assetcatalog; path = Assets.xcassets; sourceTree = "<group>"; };
		E1310F21250B3D70004B403E /* Base */ = {isa = PBXFileReference; lastKnownFileType = file.storyboard; name = Base; path = Base.lproj/LaunchScreen.storyboard; sourceTree = "<group>"; };
		E1310F23250B3D70004B403E /* Info.plist */ = {isa = PBXFileReference; lastKnownFileType = text.plist.xml; path = Info.plist; sourceTree = "<group>"; };
		E1310F28250B3D70004B403E /* TippyTests.xctest */ = {isa = PBXFileReference; explicitFileType = wrapper.cfbundle; includeInIndex = 0; path = TippyTests.xctest; sourceTree = BUILT_PRODUCTS_DIR; };
		E1310F2C250B3D70004B403E /* TippyTests.swift */ = {isa = PBXFileReference; lastKnownFileType = sourcecode.swift; path = TippyTests.swift; sourceTree = "<group>"; };
		E1310F2E250B3D70004B403E /* Info.plist */ = {isa = PBXFileReference; lastKnownFileType = text.plist.xml; path = Info.plist; sourceTree = "<group>"; };
		E1310F33250B3D70004B403E /* TippyUITests.xctest */ = {isa = PBXFileReference; explicitFileType = wrapper.cfbundle; includeInIndex = 0; path = TippyUITests.xctest; sourceTree = BUILT_PRODUCTS_DIR; };
		E1310F37250B3D70004B403E /* TippyUITests.swift */ = {isa = PBXFileReference; lastKnownFileType = sourcecode.swift; path = TippyUITests.swift; sourceTree = "<group>"; };
		E1310F39250B3D70004B403E /* Info.plist */ = {isa = PBXFileReference; lastKnownFileType = text.plist.xml; path = Info.plist; sourceTree = "<group>"; };
/* End PBXFileReference section */

/* Begin PBXFrameworksBuildPhase section */
		E1310F0F250B3D6F004B403E /* Frameworks */ = {
			isa = PBXFrameworksBuildPhase;
			buildActionMask = 2147483647;
			files = (
			);
			runOnlyForDeploymentPostprocessing = 0;
		};
		E1310F25250B3D70004B403E /* Frameworks */ = {
			isa = PBXFrameworksBuildPhase;
			buildActionMask = 2147483647;
			files = (
			);
			runOnlyForDeploymentPostprocessing = 0;
		};
		E1310F30250B3D70004B403E /* Frameworks */ = {
			isa = PBXFrameworksBuildPhase;
			buildActionMask = 2147483647;
			files = (
			);
			runOnlyForDeploymentPostprocessing = 0;
		};
/* End PBXFrameworksBuildPhase section */

/* Begin PBXGroup section */
		E1310F09250B3D6F004B403E = {
			isa = PBXGroup;
			children = (
				E1310F14250B3D6F004B403E /* Tippy */,
				E1310F2B250B3D70004B403E /* TippyTests */,
				E1310F36250B3D70004B403E /* TippyUITests */,
				E1310F13250B3D6F004B403E /* Products */,
			);
			sourceTree = "<group>";
		};
		E1310F13250B3D6F004B403E /* Products */ = {
			isa = PBXGroup;
			children = (
				E1310F12250B3D6F004B403E /* Tippy.app */,
				E1310F28250B3D70004B403E /* TippyTests.xctest */,
				E1310F33250B3D70004B403E /* TippyUITests.xctest */,
			);
			name = Products;
			sourceTree = "<group>";
		};
		E1310F14250B3D6F004B403E /* Tippy */ = {
			isa = PBXGroup;
			children = (
				E1310F15250B3D6F004B403E /* AppDelegate.swift */,
				E1310F17250B3D6F004B403E /* SceneDelegate.swift */,
				E1310F19250B3D6F004B403E /* ViewController.swift */,
				E1310F1B250B3D6F004B403E /* Main.storyboard */,
				E1310F1E250B3D70004B403E /* Assets.xcassets */,
				E1310F20250B3D70004B403E /* LaunchScreen.storyboard */,
				E1310F23250B3D70004B403E /* Info.plist */,
			);
			path = Tippy;
			sourceTree = "<group>";
		};
		E1310F2B250B3D70004B403E /* TippyTests */ = {
			isa = PBXGroup;
			children = (
				E1310F2C250B3D70004B403E /* TippyTests.swift */,
				E1310F2E250B3D70004B403E /* Info.plist */,
			);
			path = TippyTests;
			sourceTree = "<group>";
		};
		E1310F36250B3D70004B403E /* TippyUITests */ = {
			isa = PBXGroup;
			children = (
				E1310F37250B3D70004B403E /* TippyUITests.swift */,
				E1310F39250B3D70004B403E /* Info.plist */,
			);
			path = TippyUITests;
			sourceTree = "<group>";
		};
/* End PBXGroup section */

/* Begin PBXNativeTarget section */
		E1310F11250B3D6F004B403E /* Tippy */ = {
			isa = PBXNativeTarget;
			buildConfigurationList = E1310F3C250B3D70004B403E /* Build configuration list for PBXNativeTarget "Tippy" */;
			buildPhases = (
				E1310F0E250B3D6F004B403E /* Sources */,
				E1310F0F250B3D6F004B403E /* Frameworks */,
				E1310F10250B3D6F004B403E /* Resources */,
			);
			buildRules = (
			);
			dependencies = (
			);
			name = Tippy;
			productName = Tippy;
			productReference = E1310F12250B3D6F004B403E /* Tippy.app */;
			productType = "com.apple.product-type.application";
		};
		E1310F27250B3D70004B403E /* TippyTests */ = {
			isa = PBXNativeTarget;
			buildConfigurationList = E1310F3F250B3D70004B403E /* Build configuration list for PBXNativeTarget "TippyTests" */;
			buildPhases = (
				E1310F24250B3D70004B403E /* Sources */,
				E1310F25250B3D70004B403E /* Frameworks */,
				E1310F26250B3D70004B403E /* Resources */,
			);
			buildRules = (
			);
			dependencies = (
				E1310F2A250B3D70004B403E /* PBXTargetDependency */,
			);
			name = TippyTests;
			productName = TippyTests;
			productReference = E1310F28250B3D70004B403E /* TippyTests.xctest */;
			productType = "com.apple.product-type.bundle.unit-test";
		};
		E1310F32250B3D70004B403E /* TippyUITests */ = {
			isa = PBXNativeTarget;
			buildConfigurationList = E1310F42250B3D70004B403E /* Build configuration list for PBXNativeTarget "TippyUITests" */;
			buildPhases = (
				E1310F2F250B3D70004B403E /* Sources */,
				E1310F30250B3D70004B403E /* Frameworks */,
				E1310F31250B3D70004B403E /* Resources */,
			);
			buildRules = (
			);
			dependencies = (
				E1310F35250B3D70004B403E /* PBXTargetDependency */,
			);
			name = TippyUITests;
			productName = TippyUITests;
			productReference = E1310F33250B3D70004B403E /* TippyUITests.xctest */;
			productType = "com.apple.product-type.bundle.ui-testing";
		};
/* End PBXNativeTarget section */

/* Begin PBXProject section */
		E1310F0A250B3D6F004B403E /* Project object */ = {
			isa = PBXProject;
			attributes = {
				LastSwiftUpdateCheck = 1160;
				LastUpgradeCheck = 1160;
				ORGANIZATIONNAME = "David Wright";
				TargetAttributes = {
					E1310F11250B3D6F004B403E = {
						CreatedOnToolsVersion = 11.6;
					};
					E1310F27250B3D70004B403E = {
						CreatedOnToolsVersion = 11.6;
						TestTargetID = E1310F11250B3D6F004B403E;
					};
					E1310F32250B3D70004B403E = {
						CreatedOnToolsVersion = 11.6;
						TestTargetID = E1310F11250B3D6F004B403E;
					};
				};
			};
			buildConfigurationList = E1310F0D250B3D6F004B403E /* Build configuration list for PBXProject "Tippy" */;
			compatibilityVersion = "Xcode 9.3";
			developmentRegion = en;
			hasScannedForEncodings = 0;
			knownRegions = (
				en,
				Base,
			);
			mainGroup = E1310F09250B3D6F004B403E;
			productRefGroup = E1310F13250B3D6F004B403E /* Products */;
			projectDirPath = "";
			projectRoot = "";
			targets = (
				E1310F11250B3D6F004B403E /* Tippy */,
				E1310F27250B3D70004B403E /* TippyTests */,
				E1310F32250B3D70004B403E /* TippyUITests */,
			);
		};
/* End PBXProject section */

/* Begin PBXResourcesBuildPhase section */
		E1310F10250B3D6F004B403E /* Resources */ = {
			isa = PBXResourcesBuildPhase;
			buildActionMask = 2147483647;
			files = (
				E1310F22250B3D70004B403E /* LaunchScreen.storyboard in Resources */,
				E1310F1F250B3D70004B403E /* Assets.xcassets in Resources */,
				E1310F1D250B3D6F004B403E /* Main.storyboard in Resources */,
			);
			runOnlyForDeploymentPostprocessing = 0;
		};
		E1310F26250B3D70004B403E /* Resources */ = {
			isa = PBXResourcesBuildPhase;
			buildActionMask = 2147483647;
			files = (
			);
			runOnlyForDeploymentPostprocessing = 0;
		};
		E1310F31250B3D70004B403E /* Resources */ = {
			isa = PBXResourcesBuildPhase;
			buildActionMask = 2147483647;
			files = (
			);
			runOnlyForDeploymentPostprocessing = 0;
		};
/* End PBXResourcesBuildPhase section */

/* Begin PBXSourcesBuildPhase section */
		E1310F0E250B3D6F004B403E /* Sources */ = {
			isa = PBXSourcesBuildPhase;
			buildActionMask = 2147483647;
			files = (
				E1310F1A250B3D6F004B403E /* ViewController.swift in Sources */,
				E1310F16250B3D6F004B403E /* AppDelegate.swift in Sources */,
				E1310F18250B3D6F004B403E /* SceneDelegate.swift in Sources */,
			);
			runOnlyForDeploymentPostprocessing = 0;
		};
		E1310F24250B3D70004B403E /* Sources */ = {
			isa = PBXSourcesBuildPhase;
			buildActionMask = 2147483647;
			files = (
				E1310F2D250B3D70004B403E /* TippyTests.swift in Sources */,
			);
			runOnlyForDeploymentPostprocessing = 0;
		};
		E1310F2F250B3D70004B403E /* Sources */ = {
			isa = PBXSourcesBuildPhase;
			buildActionMask = 2147483647;
			files = (
				E1310F38250B3D70004B403E /* TippyUITests.swift in Sources */,
			);
			runOnlyForDeploymentPostprocessing = 0;
		};
/* End PBXSourcesBuildPhase section */

/* Begin PBXTargetDependency section */
		E1310F2A250B3D70004B403E /* PBXTargetDependency */ = {
			isa = PBXTargetDependency;
			target = E1310F11250B3D6F004B403E /* Tippy */;
			targetProxy = E1310F29250B3D70004B403E /* PBXContainerItemProxy */;
		};
		E1310F35250B3D70004B403E /* PBXTargetDependency */ = {
			isa = PBXTargetDependency;
			target = E1310F11250B3D6F004B403E /* Tippy */;
			targetProxy = E1310F34250B3D70004B403E /* PBXContainerItemProxy */;
		};
/* End PBXTargetDependency section */

/* Begin PBXVariantGroup section */
		E1310F1B250B3D6F004B403E /* Main.storyboard */ = {
			isa = PBXVariantGroup;
			children = (
				E1310F1C250B3D6F004B403E /* Base */,
			);
			name = Main.storyboard;
			sourceTree = "<group>";
		};
		E1310F20250B3D70004B403E /* LaunchScreen.storyboard */ = {
			isa = PBXVariantGroup;
			children = (
				E1310F21250B3D70004B403E /* Base */,
			);
			name = LaunchScreen.storyboard;
			sourceTree = "<group>";
		};
/* End PBXVariantGroup section */

/* Begin XCBuildConfiguration section */
		E1310F3A250B3D70004B403E /* Debug */ = {
			isa = XCBuildConfiguration;
			buildSettings = {
				ALWAYS_SEARCH_USER_PATHS = NO;
				CLANG_ANALYZER_NONNULL = YES;
				CLANG_ANALYZER_NUMBER_OBJECT_CONVERSION = YES_AGGRESSIVE;
				CLANG_CXX_LANGUAGE_STANDARD = "gnu++14";
				CLANG_CXX_LIBRARY = "libc++";
				CLANG_ENABLE_MODULES = YES;
				CLANG_ENABLE_OBJC_ARC = YES;
				CLANG_ENABLE_OBJC_WEAK = YES;
				CLANG_WARN_BLOCK_CAPTURE_AUTORELEASING = YES;
				CLANG_WARN_BOOL_CONVERSION = YES;
				CLANG_WARN_COMMA = YES;
				CLANG_WARN_CONSTANT_CONVERSION = YES;
				CLANG_WARN_DEPRECATED_OBJC_IMPLEMENTATIONS = YES;
				CLANG_WARN_DIRECT_OBJC_ISA_USAGE = YES_ERROR;
				CLANG_WARN_DOCUMENTATION_COMMENTS = YES;
				CLANG_WARN_EMPTY_BODY = YES;
				CLANG_WARN_ENUM_CONVERSION = YES;
				CLANG_WARN_INFINITE_RECURSION = YES;
				CLANG_WARN_INT_CONVERSION = YES;
				CLANG_WARN_NON_LITERAL_NULL_CONVERSION = YES;
				CLANG_WARN_OBJC_IMPLICIT_RETAIN_SELF = YES;
				CLANG_WARN_OBJC_LITERAL_CONVERSION = YES;
				CLANG_WARN_OBJC_ROOT_CLASS = YES_ERROR;
				CLANG_WARN_RANGE_LOOP_ANALYSIS = YES;
				CLANG_WARN_STRICT_PROTOTYPES = YES;
				CLANG_WARN_SUSPICIOUS_MOVE = YES;
				CLANG_WARN_UNGUARDED_AVAILABILITY = YES_AGGRESSIVE;
				CLANG_WARN_UNREACHABLE_CODE = YES;
				CLANG_WARN__DUPLICATE_METHOD_MATCH = YES;
				COPY_PHASE_STRIP = NO;
				DEBUG_INFORMATION_FORMAT = dwarf;
				ENABLE_STRICT_OBJC_MSGSEND = YES;
				ENABLE_TESTABILITY = YES;
				GCC_C_LANGUAGE_STANDARD = gnu11;
				GCC_DYNAMIC_NO_PIC = NO;
				GCC_NO_COMMON_BLOCKS = YES;
				GCC_OPTIMIZATION_LEVEL = 0;
				GCC_PREPROCESSOR_DEFINITIONS = (
					"DEBUG=1",
					"$(inherited)",
				);
				GCC_WARN_64_TO_32_BIT_CONVERSION = YES;
				GCC_WARN_ABOUT_RETURN_TYPE = YES_ERROR;
				GCC_WARN_UNDECLARED_SELECTOR = YES;
				GCC_WARN_UNINITIALIZED_AUTOS = YES_AGGRESSIVE;
				GCC_WARN_UNUSED_FUNCTION = YES;
				GCC_WARN_UNUSED_VARIABLE = YES;
				IPHONEOS_DEPLOYMENT_TARGET = 13.6;
				MTL_ENABLE_DEBUG_INFO = INCLUDE_SOURCE;
				MTL_FAST_MATH = YES;
				ONLY_ACTIVE_ARCH = YES;
				SDKROOT = iphoneos;
				SWIFT_ACTIVE_COMPILATION_CONDITIONS = DEBUG;
				SWIFT_OPTIMIZATION_LEVEL = "-Onone";
			};
			name = Debug;
		};
		E1310F3B250B3D70004B403E /* Release */ = {
			isa = XCBuildConfiguration;
			buildSettings = {
				ALWAYS_SEARCH_USER_PATHS = NO;
				CLANG_ANALYZER_NONNULL = YES;
				CLANG_ANALYZER_NUMBER_OBJECT_CONVERSION = YES_AGGRESSIVE;
				CLANG_CXX_LANGUAGE_STANDARD = "gnu++14";
				CLANG_CXX_LIBRARY = "libc++";
				CLANG_ENABLE_MODULES = YES;
				CLANG_ENABLE_OBJC_ARC = YES;
				CLANG_ENABLE_OBJC_WEAK = YES;
				CLANG_WARN_BLOCK_CAPTURE_AUTORELEASING = YES;
				CLANG_WARN_BOOL_CONVERSION = YES;
				CLANG_WARN_COMMA = YES;
				CLANG_WARN_CONSTANT_CONVERSION = YES;
				CLANG_WARN_DEPRECATED_OBJC_IMPLEMENTATIONS = YES;
				CLANG_WARN_DIRECT_OBJC_ISA_USAGE = YES_ERROR;
				CLANG_WARN_DOCUMENTATION_COMMENTS = YES;
				CLANG_WARN_EMPTY_BODY = YES;
				CLANG_WARN_ENUM_CONVERSION = YES;
				CLANG_WARN_INFINITE_RECURSION = YES;
				CLANG_WARN_INT_CONVERSION = YES;
				CLANG_WARN_NON_LITERAL_NULL_CONVERSION = YES;
				CLANG_WARN_OBJC_IMPLICIT_RETAIN_SELF = YES;
				CLANG_WARN_OBJC_LITERAL_CONVERSION = YES;
				CLANG_WARN_OBJC_ROOT_CLASS = YES_ERROR;
				CLANG_WARN_RANGE_LOOP_ANALYSIS = YES;
				CLANG_WARN_STRICT_PROTOTYPES = YES;
				CLANG_WARN_SUSPICIOUS_MOVE = YES;
				CLANG_WARN_UNGUARDED_AVAILABILITY = YES_AGGRESSIVE;
				CLANG_WARN_UNREACHABLE_CODE = YES;
				CLANG_WARN__DUPLICATE_METHOD_MATCH = YES;
				COPY_PHASE_STRIP = NO;
				DEBUG_INFORMATION_FORMAT = "dwarf-with-dsym";
				ENABLE_NS_ASSERTIONS = NO;
				ENABLE_STRICT_OBJC_MSGSEND = YES;
				GCC_C_LANGUAGE_STANDARD = gnu11;
				GCC_NO_COMMON_BLOCKS = YES;
				GCC_WARN_64_TO_32_BIT_CONVERSION = YES;
				GCC_WARN_ABOUT_RETURN_TYPE = YES_ERROR;
				GCC_WARN_UNDECLARED_SELECTOR = YES;
				GCC_WARN_UNINITIALIZED_AUTOS = YES_AGGRESSIVE;
				GCC_WARN_UNUSED_FUNCTION = YES;
				GCC_WARN_UNUSED_VARIABLE = YES;
				IPHONEOS_DEPLOYMENT_TARGET = 13.6;
				MTL_ENABLE_DEBUG_INFO = NO;
				MTL_FAST_MATH = YES;
				SDKROOT = iphoneos;
				SWIFT_COMPILATION_MODE = wholemodule;
				SWIFT_OPTIMIZATION_LEVEL = "-O";
				VALIDATE_PRODUCT = YES;
			};
			name = Release;
		};
		E1310F3D250B3D70004B403E /* Debug */ = {
			isa = XCBuildConfiguration;
			buildSettings = {
				ASSETCATALOG_COMPILER_APPICON_NAME = AppIcon;
				CODE_SIGN_STYLE = Automatic;
				INFOPLIST_FILE = Tippy/Info.plist;
				LD_RUNPATH_SEARCH_PATHS = (
					"$(inherited)",
					"@executable_path/Frameworks",
				);
				PRODUCT_BUNDLE_IDENTIFIER = codepath.Tippy;
				PRODUCT_NAME = "$(TARGET_NAME)";
				SWIFT_VERSION = 5.0;
				TARGETED_DEVICE_FAMILY = "1,2";
			};
			name = Debug;
		};
		E1310F3E250B3D70004B403E /* Release */ = {
			isa = XCBuildConfiguration;
			buildSettings = {
				ASSETCATALOG_COMPILER_APPICON_NAME = AppIcon;
				CODE_SIGN_STYLE = Automatic;
				INFOPLIST_FILE = Tippy/Info.plist;
				LD_RUNPATH_SEARCH_PATHS = (
					"$(inherited)",
					"@executable_path/Frameworks",
				);
				PRODUCT_BUNDLE_IDENTIFIER = codepath.Tippy;
				PRODUCT_NAME = "$(TARGET_NAME)";
				SWIFT_VERSION = 5.0;
				TARGETED_DEVICE_FAMILY = "1,2";
			};
			name = Release;
		};
		E1310F40250B3D70004B403E /* Debug */ = {
			isa = XCBuildConfiguration;
			buildSettings = {
				ALWAYS_EMBED_SWIFT_STANDARD_LIBRARIES = YES;
				BUNDLE_LOADER = "$(TEST_HOST)";
				CODE_SIGN_STYLE = Automatic;
				INFOPLIST_FILE = TippyTests/Info.plist;
				IPHONEOS_DEPLOYMENT_TARGET = 13.6;
				LD_RUNPATH_SEARCH_PATHS = (
					"$(inherited)",
					"@executable_path/Frameworks",
					"@loader_path/Frameworks",
				);
				PRODUCT_BUNDLE_IDENTIFIER = codepath.TippyTests;
				PRODUCT_NAME = "$(TARGET_NAME)";
				SWIFT_VERSION = 5.0;
				TARGETED_DEVICE_FAMILY = "1,2";
				TEST_HOST = "$(BUILT_PRODUCTS_DIR)/Tippy.app/Tippy";
			};
			name = Debug;
		};
		E1310F41250B3D70004B403E /* Release */ = {
			isa = XCBuildConfiguration;
			buildSettings = {
				ALWAYS_EMBED_SWIFT_STANDARD_LIBRARIES = YES;
				BUNDLE_LOADER = "$(TEST_HOST)";
				CODE_SIGN_STYLE = Automatic;
				INFOPLIST_FILE = TippyTests/Info.plist;
				IPHONEOS_DEPLOYMENT_TARGET = 13.6;
				LD_RUNPATH_SEARCH_PATHS = (
					"$(inherited)",
					"@executable_path/Frameworks",
					"@loader_path/Frameworks",
				);
				PRODUCT_BUNDLE_IDENTIFIER = codepath.TippyTests;
				PRODUCT_NAME = "$(TARGET_NAME)";
				SWIFT_VERSION = 5.0;
				TARGETED_DEVICE_FAMILY = "1,2";
				TEST_HOST = "$(BUILT_PRODUCTS_DIR)/Tippy.app/Tippy";
			};
			name = Release;
		};
		E1310F43250B3D70004B403E /* Debug */ = {
			isa = XCBuildConfiguration;
			buildSettings = {
				ALWAYS_EMBED_SWIFT_STANDARD_LIBRARIES = YES;
				CODE_SIGN_STYLE = Automatic;
				INFOPLIST_FILE = TippyUITests/Info.plist;
				LD_RUNPATH_SEARCH_PATHS = (
					"$(inherited)",
					"@executable_path/Frameworks",
					"@loader_path/Frameworks",
				);
				PRODUCT_BUNDLE_IDENTIFIER = codepath.TippyUITests;
				PRODUCT_NAME = "$(TARGET_NAME)";
				SWIFT_VERSION = 5.0;
				TARGETED_DEVICE_FAMILY = "1,2";
				TEST_TARGET_NAME = Tippy;
			};
			name = Debug;
		};
		E1310F44250B3D70004B403E /* Release */ = {
			isa = XCBuildConfiguration;
			buildSettings = {
				ALWAYS_EMBED_SWIFT_STANDARD_LIBRARIES = YES;
				CODE_SIGN_STYLE = Automatic;
				INFOPLIST_FILE = TippyUITests/Info.plist;
				LD_RUNPATH_SEARCH_PATHS = (
					"$(inherited)",
					"@executable_path/Frameworks",
					"@loader_path/Frameworks",
				);
				PRODUCT_BUNDLE_IDENTIFIER = codepath.TippyUITests;
				PRODUCT_NAME = "$(TARGET_NAME)";
				SWIFT_VERSION = 5.0;
				TARGETED_DEVICE_FAMILY = "1,2";
				TEST_TARGET_NAME = Tippy;
			};
			name = Release;
		};
/* End XCBuildConfiguration section */

/* Begin XCConfigurationList section */
		E1310F0D250B3D6F004B403E /* Build configuration list for PBXProject "Tippy" */ = {
			isa = XCConfigurationList;
			buildConfigurations = (
				E1310F3A250B3D70004B403E /* Debug */,
				E1310F3B250B3D70004B403E /* Release */,
			);
			defaultConfigurationIsVisible = 0;
			defaultConfigurationName = Release;
		};
		E1310F3C250B3D70004B403E /* Build configuration list for PBXNativeTarget "Tippy" */ = {
			isa = XCConfigurationList;
			buildConfigurations = (
				E1310F3D250B3D70004B403E /* Debug */,
				E1310F3E250B3D70004B403E /* Release */,
			);
			defaultConfigurationIsVisible = 0;
			defaultConfigurationName = Release;
		};
		E1310F3F250B3D70004B403E /* Build configuration list for PBXNativeTarget "TippyTests" */ = {
			isa = XCConfigurationList;
			buildConfigurations = (
				E1310F40250B3D70004B403E /* Debug */,
				E1310F41250B3D70004B403E /* Release */,
			);
			defaultConfigurationIsVisible = 0;
			defaultConfigurationName = Release;
		};
		E1310F42250B3D70004B403E /* Build configuration list for PBXNativeTarget "TippyUITests" */ = {
			isa = XCConfigurationList;
			buildConfigurations = (
				E1310F43250B3D70004B403E /* Debug */,
				E1310F44250B3D70004B403E /* Release */,
			);
			defaultConfigurationIsVisible = 0;
			defaultConfigurationName = Release;
		};
/* End XCConfigurationList section */
	};
	rootObject = E1310F0A250B3D6F004B403E /* Project object */;
}
